{
    "version": 3,
    "terraform_version": "0.11.11",
    "serial": 4,
    "lineage": "dbd10de9-38c9-f89d-5f64-010c499da9b3",
    "modules": [
        {
            "path": [
                "root"
            ],
            "outputs": {
                "config_map_aws_auth": {
                    "sensitive": false,
                    "type": "string",
                    "value": "\n\napiVersion: v1\nkind: ConfigMap\nmetadata:\n  name: aws-auth\n  namespace: kube-system\ndata:\n  mapRoles: |\n    - rolearn: arn:aws:iam::880102973318:role/qj1-eks-demo-node\n      username: system:node:{{EC2PrivateDNSName}}\n      groups:\n        - system:bootstrappers\n        - system:nodes\n"
                },
                "kubeconfig": {
                    "sensitive": false,
                    "type": "string",
                    "value": "\n\napiVersion: v1\nclusters:\n- cluster:\n    server: https://DDAB76851D05856607345140D6BDFAE7.gr7.us-east-1.eks.amazonaws.com\n    certificate-authority-data: LS0tLS1CRUdJTiBDRVJUSUZJQ0FURS0tLS0tCk1JSUN5RENDQWJDZ0F3SUJBZ0lCQURBTkJna3Foa2lHOXcwQkFRc0ZBREFWTVJNd0VRWURWUVFERXdwcmRXSmwKY201bGRHVnpNQjRYRFRFNU1EWXlOVEEzTlRjeE4xb1hEVEk1TURZeU1qQTNOVGN4TjFvd0ZURVRNQkVHQTFVRQpBeE1LYTNWaVpYSnVaWFJsY3pDQ0FTSXdEUVlKS29aSWh2Y05BUUVCQlFBRGdnRVBBRENDQVFvQ2dnRUJBTTgzCkZxV3lRWldtM2R2OTROdldCQzZiTVU0ZzdOMlRjMnNtYWFyT3dLcDVKNjhRdmZyYnN5bVFxMHBWcDJ1elNDR1MKS1lhL1B5aXRuVmRGa2ZrQ2lnUzV0QXhiVFlHYUtyd3ozV3dBN2RyT2RvUEJFdFBtd0s3cGpGUWpiNnNmc05CZgowamN0MExJZjlFemRMTWg3Yk1Hek5LYzZ0cFg0N0REYS9sWWxPeFNvV3VHOUczM3FWQTVLdDd2NTZiTU1lWHNXCllpRlBrQnlIdnM3MkJhTFM3TnlJMHp4Qmc3RTcvY0ZSK3BrUGZFeXVxclBGMGxYOHdqb240SzNaMzJjeEJpaWMKR3dKQ2c5WHBkR0tkOWY3V3J4eHQ2b0IyY2pUZzFxRDNqbnA5SEtyc29xeExNa1A5T1Z0MkhXREJOM1BvYWxTSgpNenJZNUlPTklmdmhHYmtrZG5jQ0F3RUFBYU1qTUNFd0RnWURWUjBQQVFIL0JBUURBZ0trTUE4R0ExVWRFd0VCCi93UUZNQU1CQWY4d0RRWUpLb1pJaHZjTkFRRUxCUUFEZ2dFQkFJOGt1Ujl4aDJCVkdwT3J3WmZLRmZ6QmtiNFIKUzhlRTAyMzdtT29yU1dCelQvb2dPUTdzTVRGSkhvVmxneTNwb1M2UzVuWDErMWNsWTd1Q1p5NE0ybUNadndLRQpCeEVYbkNITG5aWGZpd2JYa3NZMWlNMUxjWDl4eVRuUWNHSHNiWm9qZEJlVmJmMFlLQ0tENXBHS3BYWWF3M2NnCmlDR05NR3NZbklObTFBVHdmRFMrM2MxOHJDY2R4WUhhci9Kdk82UzM1VzdUV3NjRWRtNE9WMDJFKytTL2ZRVlQKaHl3Sm45SFo1YjFzSVk5YmlBd2o4S1RnZ1ZaY3NhWTNZZlZ5OSt5TWRRTW5NM3hlVTc2NnRPTjZKallZanFoUQpHQk9ZT1lyd0pENDBOKzhBSXlybEtqM0Q0ZkptT0pBTnVuaGxhbXQyZXJRTE9Eajl2b2VFV3JOV0llST0KLS0tLS1FTkQgQ0VSVElGSUNBVEUtLS0tLQo=\n  name: kubernetes\ncontexts:\n- context:\n    cluster: kubernetes\n    user: aws\n  name: aws\ncurrent-context: aws\nkind: Config\npreferences: {}\nusers:\n- name: aws\n  user:\n    exec:\n      apiVersion: client.authentication.k8s.io/v1alpha1\n      command: aws-iam-authenticator\n      args:\n        - \"token\"\n        - \"-i\"\n        - \"qj1-eks-demo\"\n"
                },
                "kubeversion": {
                    "sensitive": false,
                    "type": "string",
                    "value": "1.12"
                }
            },
            "resources": {
                "aws_eks_cluster.demo": {
                    "type": "aws_eks_cluster",
                    "depends_on": [
                        "aws_iam_role.demo-cluster",
                        "aws_iam_role_policy_attachment.demo-cluster-AmazonEKSClusterPolicy",
                        "aws_iam_role_policy_attachment.demo-cluster-AmazonEKSServicePolicy",
                        "aws_security_group.demo-cluster",
                        "aws_subnet.demo.*"
                    ],
                    "primary": {
                        "id": "qj1-eks-demo",
                        "attributes": {
                            "arn": "arn:aws:eks:us-east-1:880102973318:cluster/qj1-eks-demo",
                            "certificate_authority.#": "1",
                            "certificate_authority.0.data": "LS0tLS1CRUdJTiBDRVJUSUZJQ0FURS0tLS0tCk1JSUN5RENDQWJDZ0F3SUJBZ0lCQURBTkJna3Foa2lHOXcwQkFRc0ZBREFWTVJNd0VRWURWUVFERXdwcmRXSmwKY201bGRHVnpNQjRYRFRFNU1EWXlOVEEzTlRjeE4xb1hEVEk1TURZeU1qQTNOVGN4TjFvd0ZURVRNQkVHQTFVRQpBeE1LYTNWaVpYSnVaWFJsY3pDQ0FTSXdEUVlKS29aSWh2Y05BUUVCQlFBRGdnRVBBRENDQVFvQ2dnRUJBTTgzCkZxV3lRWldtM2R2OTROdldCQzZiTVU0ZzdOMlRjMnNtYWFyT3dLcDVKNjhRdmZyYnN5bVFxMHBWcDJ1elNDR1MKS1lhL1B5aXRuVmRGa2ZrQ2lnUzV0QXhiVFlHYUtyd3ozV3dBN2RyT2RvUEJFdFBtd0s3cGpGUWpiNnNmc05CZgowamN0MExJZjlFemRMTWg3Yk1Hek5LYzZ0cFg0N0REYS9sWWxPeFNvV3VHOUczM3FWQTVLdDd2NTZiTU1lWHNXCllpRlBrQnlIdnM3MkJhTFM3TnlJMHp4Qmc3RTcvY0ZSK3BrUGZFeXVxclBGMGxYOHdqb240SzNaMzJjeEJpaWMKR3dKQ2c5WHBkR0tkOWY3V3J4eHQ2b0IyY2pUZzFxRDNqbnA5SEtyc29xeExNa1A5T1Z0MkhXREJOM1BvYWxTSgpNenJZNUlPTklmdmhHYmtrZG5jQ0F3RUFBYU1qTUNFd0RnWURWUjBQQVFIL0JBUURBZ0trTUE4R0ExVWRFd0VCCi93UUZNQU1CQWY4d0RRWUpLb1pJaHZjTkFRRUxCUUFEZ2dFQkFJOGt1Ujl4aDJCVkdwT3J3WmZLRmZ6QmtiNFIKUzhlRTAyMzdtT29yU1dCelQvb2dPUTdzTVRGSkhvVmxneTNwb1M2UzVuWDErMWNsWTd1Q1p5NE0ybUNadndLRQpCeEVYbkNITG5aWGZpd2JYa3NZMWlNMUxjWDl4eVRuUWNHSHNiWm9qZEJlVmJmMFlLQ0tENXBHS3BYWWF3M2NnCmlDR05NR3NZbklObTFBVHdmRFMrM2MxOHJDY2R4WUhhci9Kdk82UzM1VzdUV3NjRWRtNE9WMDJFKytTL2ZRVlQKaHl3Sm45SFo1YjFzSVk5YmlBd2o4S1RnZ1ZaY3NhWTNZZlZ5OSt5TWRRTW5NM3hlVTc2NnRPTjZKallZanFoUQpHQk9ZT1lyd0pENDBOKzhBSXlybEtqM0Q0ZkptT0pBTnVuaGxhbXQyZXJRTE9Eajl2b2VFV3JOV0llST0KLS0tLS1FTkQgQ0VSVElGSUNBVEUtLS0tLQo=",
                            "created_at": "2019-06-25 07:50:27 +0000 UTC",
                            "enabled_cluster_log_types.#": "0",
                            "endpoint": "https://DDAB76851D05856607345140D6BDFAE7.gr7.us-east-1.eks.amazonaws.com",
                            "id": "qj1-eks-demo",
                            "name": "qj1-eks-demo",
                            "platform_version": "eks.2",
                            "role_arn": "arn:aws:iam::880102973318:role/qj1-eks-demo-cluster",
                            "version": "1.12",
                            "vpc_config.#": "1",
                            "vpc_config.0.endpoint_private_access": "false",
                            "vpc_config.0.endpoint_public_access": "true",
                            "vpc_config.0.security_group_ids.#": "1",
                            "vpc_config.0.security_group_ids.3171333501": "sg-0c8bf78079eed71ed",
                            "vpc_config.0.subnet_ids.#": "2",
                            "vpc_config.0.subnet_ids.1084736745": "subnet-0f88b73b2663a445b",
                            "vpc_config.0.subnet_ids.2048362041": "subnet-092b6fdf459932f9d",
                            "vpc_config.0.vpc_id": "vpc-0b5a4dc5898fd3830"
                        },
                        "meta": {
                            "e2bfb730-ecaa-11e6-8f88-34363bc7c4c0": {
                                "create": 1800000000000,
                                "delete": 900000000000,
                                "update": 3600000000000
                            }
                        },
                        "tainted": false
                    },
                    "deposed": [],
                    "provider": "provider.aws"
                },
                "aws_iam_role.demo-cluster": {
                    "type": "aws_iam_role",
                    "depends_on": [],
                    "primary": {
                        "id": "qj1-eks-demo-cluster",
                        "attributes": {
                            "arn": "arn:aws:iam::880102973318:role/qj1-eks-demo-cluster",
                            "assume_role_policy": "{\"Version\":\"2012-10-17\",\"Statement\":[{\"Effect\":\"Allow\",\"Principal\":{\"Service\":\"eks.amazonaws.com\"},\"Action\":\"sts:AssumeRole\"}]}",
                            "create_date": "2019-06-25T07:50:14Z",
                            "description": "",
                            "force_detach_policies": "false",
                            "id": "qj1-eks-demo-cluster",
                            "max_session_duration": "3600",
                            "name": "qj1-eks-demo-cluster",
                            "path": "/",
                            "tags.%": "0",
                            "unique_id": "AROA4Z2RZT6DDVXHIXX5D"
                        },
                        "meta": {},
                        "tainted": false
                    },
                    "deposed": [],
                    "provider": "provider.aws"
                },
                "aws_iam_role.demo-node": {
                    "type": "aws_iam_role",
                    "depends_on": [],
                    "primary": {
                        "id": "qj1-eks-demo-node",
                        "attributes": {
                            "arn": "arn:aws:iam::880102973318:role/qj1-eks-demo-node",
                            "assume_role_policy": "{\"Version\":\"2012-10-17\",\"Statement\":[{\"Effect\":\"Allow\",\"Principal\":{\"Service\":\"ec2.amazonaws.com\"},\"Action\":\"sts:AssumeRole\"}]}",
                            "create_date": "2019-06-25T07:40:42Z",
                            "description": "",
                            "force_detach_policies": "false",
                            "id": "qj1-eks-demo-node",
                            "max_session_duration": "3600",
                            "name": "qj1-eks-demo-node",
                            "path": "/",
                            "tags.%": "0",
                            "unique_id": "AROA4Z2RZT6DMQZE5GSFI"
                        },
                        "meta": {},
                        "tainted": false
                    },
                    "deposed": [],
                    "provider": "provider.aws"
                },
                "aws_iam_role_policy_attachment.demo-cluster-AmazonEKSClusterPolicy": {
                    "type": "aws_iam_role_policy_attachment",
                    "depends_on": [
                        "aws_iam_role.demo-cluster"
                    ],
                    "primary": {
                        "id": "qj1-eks-demo-cluster-20190625075014477200000004",
                        "attributes": {
                            "id": "qj1-eks-demo-cluster-20190625075014477200000004",
                            "policy_arn": "arn:aws:iam::aws:policy/AmazonEKSClusterPolicy",
                            "role": "qj1-eks-demo-cluster"
                        },
                        "meta": {},
                        "tainted": false
                    },
                    "deposed": [],
                    "provider": "provider.aws"
                },
                "aws_iam_role_policy_attachment.demo-cluster-AmazonEKSServicePolicy": {
                    "type": "aws_iam_role_policy_attachment",
                    "depends_on": [
                        "aws_iam_role.demo-cluster"
                    ],
                    "primary": {
                        "id": "qj1-eks-demo-cluster-20190625075014532300000005",
                        "attributes": {
                            "id": "qj1-eks-demo-cluster-20190625075014532300000005",
                            "policy_arn": "arn:aws:iam::aws:policy/AmazonEKSServicePolicy",
                            "role": "qj1-eks-demo-cluster"
                        },
                        "meta": {},
                        "tainted": false
                    },
                    "deposed": [],
                    "provider": "provider.aws"
                },
                "aws_iam_role_policy_attachment.demo-node-AmazonEC2ContainerRegistryReadOnly": {
                    "type": "aws_iam_role_policy_attachment",
                    "depends_on": [
                        "aws_iam_role.demo-node"
                    ],
                    "primary": {
                        "id": "qj1-eks-demo-node-20190625074042593600000001",
                        "attributes": {
                            "id": "qj1-eks-demo-node-20190625074042593600000001",
                            "policy_arn": "arn:aws:iam::aws:policy/AmazonEC2ContainerRegistryReadOnly",
                            "role": "qj1-eks-demo-node"
                        },
                        "meta": {},
                        "tainted": false
                    },
                    "deposed": [],
                    "provider": "provider.aws"
                },
                "aws_iam_role_policy_attachment.demo-node-AmazonEKSWorkerNodePolicy": {
                    "type": "aws_iam_role_policy_attachment",
                    "depends_on": [
                        "aws_iam_role.demo-node"
                    ],
                    "primary": {
                        "id": "qj1-eks-demo-node-20190625074042608100000002",
                        "attributes": {
                            "id": "qj1-eks-demo-node-20190625074042608100000002",
                            "policy_arn": "arn:aws:iam::aws:policy/AmazonEKSWorkerNodePolicy",
                            "role": "qj1-eks-demo-node"
                        },
                        "meta": {},
                        "tainted": false
                    },
                    "deposed": [],
                    "provider": "provider.aws"
                },
                "aws_iam_role_policy_attachment.demo-node-AmazonEKS_CNI_Policy": {
                    "type": "aws_iam_role_policy_attachment",
                    "depends_on": [
                        "aws_iam_role.demo-node"
                    ],
                    "primary": {
                        "id": "qj1-eks-demo-node-20190625074042618100000003",
                        "attributes": {
                            "id": "qj1-eks-demo-node-20190625074042618100000003",
                            "policy_arn": "arn:aws:iam::aws:policy/AmazonEKS_CNI_Policy",
                            "role": "qj1-eks-demo-node"
                        },
                        "meta": {},
                        "tainted": false
                    },
                    "deposed": [],
                    "provider": "provider.aws"
                },
                "aws_internet_gateway.demo": {
                    "type": "aws_internet_gateway",
                    "depends_on": [
                        "aws_vpc.demo"
                    ],
                    "primary": {
                        "id": "igw-087accda904c1430a",
                        "attributes": {
                            "id": "igw-087accda904c1430a",
                            "owner_id": "880102973318",
                            "tags.%": "1",
                            "tags.Name": "qj1-eks-demo",
                            "vpc_id": "vpc-0b5a4dc5898fd3830"
                        },
                        "meta": {},
                        "tainted": false
                    },
                    "deposed": [],
                    "provider": "provider.aws"
                },
                "aws_route_table.demo": {
                    "type": "aws_route_table",
                    "depends_on": [
                        "aws_internet_gateway.demo",
                        "aws_vpc.demo"
                    ],
                    "primary": {
                        "id": "rtb-0ff640cbdd92814e9",
                        "attributes": {
                            "id": "rtb-0ff640cbdd92814e9",
                            "owner_id": "880102973318",
                            "propagating_vgws.#": "0",
                            "route.#": "1",
                            "route.2180815286.cidr_block": "0.0.0.0/0",
                            "route.2180815286.egress_only_gateway_id": "",
                            "route.2180815286.gateway_id": "igw-087accda904c1430a",
                            "route.2180815286.instance_id": "",
                            "route.2180815286.ipv6_cidr_block": "",
                            "route.2180815286.nat_gateway_id": "",
                            "route.2180815286.network_interface_id": "",
                            "route.2180815286.transit_gateway_id": "",
                            "route.2180815286.vpc_peering_connection_id": "",
                            "tags.%": "0",
                            "vpc_id": "vpc-0b5a4dc5898fd3830"
                        },
                        "meta": {},
                        "tainted": false
                    },
                    "deposed": [],
                    "provider": "provider.aws"
                },
                "aws_route_table_association.demo.0": {
                    "type": "aws_route_table_association",
                    "depends_on": [
                        "aws_route_table.demo",
                        "aws_subnet.demo.*"
                    ],
                    "primary": {
                        "id": "rtbassoc-02589b0421d962d9f",
                        "attributes": {
                            "id": "rtbassoc-02589b0421d962d9f",
                            "route_table_id": "rtb-0ff640cbdd92814e9",
                            "subnet_id": "subnet-092b6fdf459932f9d"
                        },
                        "meta": {},
                        "tainted": false
                    },
                    "deposed": [],
                    "provider": "provider.aws"
                },
                "aws_route_table_association.demo.1": {
                    "type": "aws_route_table_association",
                    "depends_on": [
                        "aws_route_table.demo",
                        "aws_subnet.demo.*"
                    ],
                    "primary": {
                        "id": "rtbassoc-0d5f31e52725d5ae8",
                        "attributes": {
                            "id": "rtbassoc-0d5f31e52725d5ae8",
                            "route_table_id": "rtb-0ff640cbdd92814e9",
                            "subnet_id": "subnet-0f88b73b2663a445b"
                        },
                        "meta": {},
                        "tainted": false
                    },
                    "deposed": [],
                    "provider": "provider.aws"
                },
                "aws_security_group.demo-cluster": {
                    "type": "aws_security_group",
                    "depends_on": [
                        "aws_vpc.demo"
                    ],
                    "primary": {
                        "id": "sg-0c8bf78079eed71ed",
                        "attributes": {
                            "arn": "arn:aws:ec2:us-east-1:880102973318:security-group/sg-0c8bf78079eed71ed",
                            "description": "Cluster communication with worker nodes",
                            "egress.#": "1",
                            "egress.482069346.cidr_blocks.#": "1",
                            "egress.482069346.cidr_blocks.0": "0.0.0.0/0",
                            "egress.482069346.description": "",
                            "egress.482069346.from_port": "0",
                            "egress.482069346.ipv6_cidr_blocks.#": "0",
                            "egress.482069346.prefix_list_ids.#": "0",
                            "egress.482069346.protocol": "-1",
                            "egress.482069346.security_groups.#": "0",
                            "egress.482069346.self": "false",
                            "egress.482069346.to_port": "0",
                            "id": "sg-0c8bf78079eed71ed",
                            "ingress.#": "0",
                            "name": "qj1-eks-demo-cluster",
                            "owner_id": "880102973318",
                            "revoke_rules_on_delete": "false",
                            "tags.%": "1",
                            "tags.Name": "qj1-eks-demo",
                            "vpc_id": "vpc-0b5a4dc5898fd3830"
                        },
                        "meta": {
                            "e2bfb730-ecaa-11e6-8f88-34363bc7c4c0": {
                                "create": 600000000000,
                                "delete": 600000000000
                            },
                            "schema_version": "1"
                        },
                        "tainted": false
                    },
                    "deposed": [],
                    "provider": "provider.aws"
                },
                "aws_security_group.demo-node": {
                    "type": "aws_security_group",
                    "depends_on": [
                        "aws_vpc.demo"
                    ],
                    "primary": {
                        "id": "sg-0b486e10236d3c1f1",
                        "attributes": {
                            "arn": "arn:aws:ec2:us-east-1:880102973318:security-group/sg-0b486e10236d3c1f1",
                            "description": "Security group for all nodes in the cluster",
                            "egress.#": "1",
                            "egress.482069346.cidr_blocks.#": "1",
                            "egress.482069346.cidr_blocks.0": "0.0.0.0/0",
                            "egress.482069346.description": "",
                            "egress.482069346.from_port": "0",
                            "egress.482069346.ipv6_cidr_blocks.#": "0",
                            "egress.482069346.prefix_list_ids.#": "0",
                            "egress.482069346.protocol": "-1",
                            "egress.482069346.security_groups.#": "0",
                            "egress.482069346.self": "false",
                            "egress.482069346.to_port": "0",
                            "id": "sg-0b486e10236d3c1f1",
                            "ingress.#": "0",
                            "name": "qj1-eks-demo-node",
                            "owner_id": "880102973318",
                            "revoke_rules_on_delete": "false",
                            "tags.%": "2",
                            "tags.Name": "qj1-eks-demo-node",
                            "tags.kubernetes.io/cluster/qj1-eks-demo": "owned",
                            "vpc_id": "vpc-0b5a4dc5898fd3830"
                        },
                        "meta": {
                            "e2bfb730-ecaa-11e6-8f88-34363bc7c4c0": {
                                "create": 600000000000,
                                "delete": 600000000000
                            },
                            "schema_version": "1"
                        },
                        "tainted": false
                    },
                    "deposed": [],
                    "provider": "provider.aws"
                },
                "aws_security_group_rule.demo-cluster-ingress-node-https": {
                    "type": "aws_security_group_rule",
                    "depends_on": [
                        "aws_security_group.demo-cluster",
                        "aws_security_group.demo-node"
                    ],
                    "primary": {
                        "id": "sgrule-2954645340",
                        "attributes": {
                            "description": "Allow pods to communicate with the cluster API Server",
                            "from_port": "443",
                            "id": "sgrule-2954645340",
                            "protocol": "tcp",
                            "security_group_id": "sg-0c8bf78079eed71ed",
                            "self": "false",
                            "source_security_group_id": "sg-0b486e10236d3c1f1",
                            "to_port": "443",
                            "type": "ingress"
                        },
                        "meta": {
                            "schema_version": "2"
                        },
                        "tainted": false
                    },
                    "deposed": [],
                    "provider": "provider.aws"
                },
                "aws_security_group_rule.demo-cluster-ingress-workstation-https": {
                    "type": "aws_security_group_rule",
                    "depends_on": [
                        "aws_security_group.demo-cluster"
                    ],
                    "primary": {
                        "id": "sgrule-3499257165",
                        "attributes": {
                            "cidr_blocks.#": "1",
                            "cidr_blocks.0": "0.0.0.0/0",
                            "description": "Allow workstation to communicate with the cluster API Server",
                            "from_port": "443",
                            "id": "sgrule-3499257165",
                            "protocol": "tcp",
                            "security_group_id": "sg-0c8bf78079eed71ed",
                            "self": "false",
                            "to_port": "443",
                            "type": "ingress"
                        },
                        "meta": {
                            "schema_version": "2"
                        },
                        "tainted": false
                    },
                    "deposed": [],
                    "provider": "provider.aws"
                },
                "aws_security_group_rule.demo-node-ingress-cluster": {
                    "type": "aws_security_group_rule",
                    "depends_on": [
                        "aws_security_group.demo-cluster",
                        "aws_security_group.demo-node"
                    ],
                    "primary": {
                        "id": "sgrule-358424607",
                        "attributes": {
                            "description": "Allow worker Kubelets and pods to receive communication from the cluster control plane",
                            "from_port": "1025",
                            "id": "sgrule-358424607",
                            "protocol": "tcp",
                            "security_group_id": "sg-0b486e10236d3c1f1",
                            "self": "false",
                            "source_security_group_id": "sg-0c8bf78079eed71ed",
                            "to_port": "65535",
                            "type": "ingress"
                        },
                        "meta": {
                            "schema_version": "2"
                        },
                        "tainted": false
                    },
                    "deposed": [],
                    "provider": "provider.aws"
                },
                "aws_security_group_rule.demo-node-ingress-self": {
                    "type": "aws_security_group_rule",
                    "depends_on": [
                        "aws_security_group.demo-node"
                    ],
                    "primary": {
                        "id": "sgrule-2867560983",
                        "attributes": {
                            "description": "Allow node to communicate with each other",
                            "from_port": "0",
                            "id": "sgrule-2867560983",
                            "protocol": "-1",
                            "security_group_id": "sg-0b486e10236d3c1f1",
                            "self": "false",
                            "source_security_group_id": "sg-0b486e10236d3c1f1",
                            "to_port": "65535",
                            "type": "ingress"
                        },
                        "meta": {
                            "schema_version": "2"
                        },
                        "tainted": false
                    },
                    "deposed": [],
                    "provider": "provider.aws"
                },
                "aws_subnet.demo.0": {
                    "type": "aws_subnet",
                    "depends_on": [
                        "aws_vpc.demo",
                        "data.aws_availability_zones.available"
                    ],
                    "primary": {
                        "id": "subnet-092b6fdf459932f9d",
                        "attributes": {
                            "arn": "arn:aws:ec2:us-east-1:880102973318:subnet/subnet-092b6fdf459932f9d",
                            "assign_ipv6_address_on_creation": "false",
                            "availability_zone": "us-east-1a",
                            "availability_zone_id": "use1-az4",
                            "cidr_block": "10.0.0.0/24",
                            "id": "subnet-092b6fdf459932f9d",
                            "ipv6_cidr_block": "",
                            "ipv6_cidr_block_association_id": "",
                            "map_public_ip_on_launch": "false",
                            "owner_id": "880102973318",
                            "tags.%": "2",
                            "tags.Name": "qj1-eks-demo-node",
                            "tags.kubernetes.io/cluster/qj1-eks-demo": "shared",
                            "vpc_id": "vpc-0b5a4dc5898fd3830"
                        },
                        "meta": {
                            "e2bfb730-ecaa-11e6-8f88-34363bc7c4c0": {
                                "create": 600000000000,
                                "delete": 1200000000000
                            },
                            "schema_version": "1"
                        },
                        "tainted": false
                    },
                    "deposed": [],
                    "provider": "provider.aws"
                },
                "aws_subnet.demo.1": {
                    "type": "aws_subnet",
                    "depends_on": [
                        "aws_vpc.demo",
                        "data.aws_availability_zones.available"
                    ],
                    "primary": {
                        "id": "subnet-0f88b73b2663a445b",
                        "attributes": {
                            "arn": "arn:aws:ec2:us-east-1:880102973318:subnet/subnet-0f88b73b2663a445b",
                            "assign_ipv6_address_on_creation": "false",
                            "availability_zone": "us-east-1b",
                            "availability_zone_id": "use1-az6",
                            "cidr_block": "10.0.1.0/24",
                            "id": "subnet-0f88b73b2663a445b",
                            "ipv6_cidr_block": "",
                            "ipv6_cidr_block_association_id": "",
                            "map_public_ip_on_launch": "false",
                            "owner_id": "880102973318",
                            "tags.%": "2",
                            "tags.Name": "qj1-eks-demo-node",
                            "tags.kubernetes.io/cluster/qj1-eks-demo": "shared",
                            "vpc_id": "vpc-0b5a4dc5898fd3830"
                        },
                        "meta": {
                            "e2bfb730-ecaa-11e6-8f88-34363bc7c4c0": {
                                "create": 600000000000,
                                "delete": 1200000000000
                            },
                            "schema_version": "1"
                        },
                        "tainted": false
                    },
                    "deposed": [],
                    "provider": "provider.aws"
                },
                "aws_vpc.demo": {
                    "type": "aws_vpc",
                    "depends_on": [],
                    "primary": {
                        "id": "vpc-0b5a4dc5898fd3830",
                        "attributes": {
                            "arn": "arn:aws:ec2:us-east-1:880102973318:vpc/vpc-0b5a4dc5898fd3830",
                            "assign_generated_ipv6_cidr_block": "false",
                            "cidr_block": "10.0.0.0/16",
                            "default_network_acl_id": "acl-0d80a1be27e96f766",
                            "default_route_table_id": "rtb-06a776d96c80d5f29",
                            "default_security_group_id": "sg-007ba15d3fba01028",
                            "dhcp_options_id": "dopt-9b1249e0",
                            "enable_classiclink": "false",
                            "enable_classiclink_dns_support": "false",
                            "enable_dns_hostnames": "false",
                            "enable_dns_support": "true",
                            "id": "vpc-0b5a4dc5898fd3830",
                            "instance_tenancy": "default",
                            "ipv6_association_id": "",
                            "ipv6_cidr_block": "",
                            "main_route_table_id": "rtb-06a776d96c80d5f29",
                            "owner_id": "880102973318",
                            "tags.%": "2",
                            "tags.Name": "qj1-eks-demo-node",
                            "tags.kubernetes.io/cluster/qj1-eks-demo": "shared"
                        },
                        "meta": {
                            "schema_version": "1"
                        },
                        "tainted": false
                    },
                    "deposed": [],
                    "provider": "provider.aws"
                },
                "data.aws_ami.eks-worker": {
                    "type": "aws_ami",
                    "depends_on": [
                        "aws_eks_cluster.demo"
                    ],
                    "primary": {
                        "id": "ami-0200e65a38edfb7e1",
                        "attributes": {
                            "architecture": "x86_64",
                            "block_device_mappings.#": "1",
                            "block_device_mappings.3798922657.device_name": "/dev/xvda",
                            "block_device_mappings.3798922657.ebs.%": "6",
                            "block_device_mappings.3798922657.ebs.delete_on_termination": "true",
                            "block_device_mappings.3798922657.ebs.encrypted": "false",
                            "block_device_mappings.3798922657.ebs.iops": "0",
                            "block_device_mappings.3798922657.ebs.snapshot_id": "snap-0fdaaf544c7901322",
                            "block_device_mappings.3798922657.ebs.volume_size": "20",
                            "block_device_mappings.3798922657.ebs.volume_type": "gp2",
                            "block_device_mappings.3798922657.no_device": "",
                            "block_device_mappings.3798922657.virtual_name": "",
                            "creation_date": "2019-06-15T06:42:57.000Z",
                            "description": "EKS Kubernetes Worker AMI with AmazonLinux2 image (k8s: 1.12.7, docker:18.06)",
                            "filter.#": "1",
                            "filter.3458727952.name": "name",
                            "filter.3458727952.values.#": "1",
                            "filter.3458727952.values.0": "amazon-eks-node-1.12-v*",
                            "hypervisor": "xen",
                            "id": "ami-0200e65a38edfb7e1",
                            "image_id": "ami-0200e65a38edfb7e1",
                            "image_location": "amazon/amazon-eks-node-1.12-v20190614",
                            "image_owner_alias": "amazon",
                            "image_type": "machine",
                            "most_recent": "true",
                            "name": "amazon-eks-node-1.12-v20190614",
                            "owner_id": "602401143452",
                            "owners.#": "1",
                            "owners.0": "602401143452",
                            "product_codes.#": "0",
                            "public": "true",
                            "root_device_name": "/dev/xvda",
                            "root_device_type": "ebs",
                            "root_snapshot_id": "snap-0fdaaf544c7901322",
                            "sriov_net_support": "simple",
                            "state": "available",
                            "state_reason.%": "2",
                            "state_reason.code": "UNSET",
                            "state_reason.message": "UNSET",
                            "tags.%": "0",
                            "virtualization_type": "hvm"
                        },
                        "meta": {},
                        "tainted": false
                    },
                    "deposed": [],
                    "provider": "provider.aws"
                },
                "data.aws_availability_zones.available": {
                    "type": "aws_availability_zones",
                    "depends_on": [],
                    "primary": {
                        "id": "2019-06-25 07:40:34.078263 +0000 UTC",
                        "attributes": {
                            "id": "2019-06-25 07:40:34.078263 +0000 UTC",
                            "names.#": "6",
                            "names.0": "us-east-1a",
                            "names.1": "us-east-1b",
                            "names.2": "us-east-1c",
                            "names.3": "us-east-1d",
                            "names.4": "us-east-1e",
                            "names.5": "us-east-1f",
                            "zone_ids.#": "6",
                            "zone_ids.0": "use1-az4",
                            "zone_ids.1": "use1-az6",
                            "zone_ids.2": "use1-az1",
                            "zone_ids.3": "use1-az2",
                            "zone_ids.4": "use1-az3",
                            "zone_ids.5": "use1-az5"
                        },
                        "meta": {},
                        "tainted": false
                    },
                    "deposed": [],
                    "provider": "provider.aws"
                },
                "data.aws_region.current": {
                    "type": "aws_region",
                    "depends_on": [],
                    "primary": {
                        "id": "us-east-1",
                        "attributes": {
                            "description": "US East (N. Virginia)",
                            "endpoint": "ec2.us-east-1.amazonaws.com",
                            "id": "us-east-1",
                            "name": "us-east-1"
                        },
                        "meta": {},
                        "tainted": false
                    },
                    "deposed": [],
                    "provider": "provider.aws"
                }
            },
            "depends_on": []
        }
    ]
}
